
Microsoft Visual Studio Solution File, Format Version 12.00
# Visual Studio Version 16
VisualStudioVersion = 16.0.29209.152
MinimumVisualStudioVersion = 10.0.40219.1
Project("{FAE04EC0-301F-11D3-BF4B-00C04F79EFBC}") = "Web_API_Core_MongoDB", "Web_API_Core_MongoDB\Web_API_Core_MongoDB.csproj", "{D05544DF-A901-449E-B7A3-7BB669170C30}"
EndProject
Global
	GlobalSection(SolutionConfigurationPlatforms) = preSolution
		Debug|Any CPU = Debug|Any CPU
		Release|Any CPU = Release|Any CPU
	EndGlobalSection
	GlobalSection(ProjectConfigurationPlatforms) = postSolution
		{D05544DF-A901-449E-B7A3-7BB669170C30}.Debug|Any CPU.ActiveCfg = Debug|Any CPU
		{D05544DF-A901-449E-B7A3-7BB669170C30}.Debug|Any CPU.Build.0 = Debug|Any CPU
		{D05544DF-A901-449E-B7A3-7BB669170C30}.Release|Any CPU.ActiveCfg = Release|Any CPU
		{D05544DF-A901-449E-B7A3-7BB669170C30}.Release|Any CPU.Build.0 = Release|Any CPU
	EndGlobalSection
	GlobalSection(SolutionProperties) = preSolution
		HideSolutionNode = FALSE
	EndGlobalSection
	GlobalSection(ExtensibilityGlobals) = postSolution
		SolutionGuid = {EC010B6E-D2F8-4987-8DC2-B76E7FE0EBE0}
	EndGlobalSection
EndGlobal
